<Solution>
  <Folder Name="/02/">
    <Project Path="TheGreathestNumber/TheGreathestNumber.csproj" Id="d47be150-087a-4734-82d9-2eb950ea65b0" />
  </Folder>
  <Folder Name="/03/">
    <Project Path="SortNumbers/SortNumbers.csproj" Id="4dfae50a-6bf6-41c2-b7c1-12b835100abd" />
  </Folder>
  <Folder Name="/04/">
    <Project Path="IsMultipleOfAnother/IsMultipleOfAnother.csproj" Id="a955b925-5fc0-4536-9b91-083f4541d8f1" />
  </Folder>
  <Folder Name="/05/">
    <Project Path="Isleapyear/Isleapyear.csproj" Id="d253527a-624c-408f-b8c4-35af9ca6f548" />
  </Folder>
  <Folder Name="/06/">
    <Project Path="SimplePayroll/SimplePayroll.csproj" Id="38ea8e53-d7b9-4464-a416-fc3508942c91" />
  </Folder>
  <Folder Name="/07/">
    <Project Path="Discounts/Discounts.csproj" Id="5cf2d94e-21bb-42ed-a32d-c7283e94c54d" />
  </Folder>
  <Folder Name="/08/">
    <Project Path="RegistrationValue/RegistrationValue.csproj" Id="46fe5692-3b8a-4484-87c7-9f38cc2693d6" />
  </Folder>
  <Folder Name="/09/">
    <Project Path="Shipping/Shipping.csproj" Id="e25a1040-90d9-487a-be19-8373a3be7909" />
  </Folder>
  <Project Path="../Shared/Shared.csproj" Id="24a7e480-16fc-40e2-b3a0-77825eae263c" />
</Solution>
